
Microsoft Visual Studio Solution File, Format Version 12.00
# Visual Studio Version 17
VisualStudioVersion = 17.8.34525.116
MinimumVisualStudioVersion = 10.0.40219.1
Project("{FAE04EC0-301F-11D3-BF4B-00C04F79EFBC}") = "COMP003.Assignment7", "COMP003.Assignment7\COMP003.Assignment7.csproj", "{8CBDFEF6-C3C9-4EAD-8752-CA78382A5029}"
EndProject
Global
	GlobalSection(SolutionConfigurationPlatforms) = preSolution
		Debug|Any CPU = Debug|Any CPU
		Release|Any CPU = Release|Any CPU
	EndGlobalSection
	GlobalSection(ProjectConfigurationPlatforms) = postSolution
		{8CBDFEF6-C3C9-4EAD-8752-CA78382A5029}.Debug|Any CPU.ActiveCfg = Debug|Any CPU
		{8CBDFEF6-C3C9-4EAD-8752-CA78382A5029}.Debug|Any CPU.Build.0 = Debug|Any CPU
		{8CBDFEF6-C3C9-4EAD-8752-CA78382A5029}.Release|Any CPU.ActiveCfg = Release|Any CPU
		{8CBDFEF6-C3C9-4EAD-8752-CA78382A5029}.Release|Any CPU.Build.0 = Release|Any CPU
	EndGlobalSection
	GlobalSection(SolutionProperties) = preSolution
		HideSolutionNode = FALSE
	EndGlobalSection
	GlobalSection(ExtensibilityGlobals) = postSolution
		SolutionGuid = {E989CE7A-1D11-4E65-95E6-70974A446E60}
	EndGlobalSection
EndGlobal
